
Microsoft Visual Studio Solution File, Format Version 12.00
# Visual Studio Version 17
VisualStudioVersion = 17.2.32505.173
MinimumVisualStudioVersion = 10.0.40219.1
Project("{FAE04EC0-301F-11D3-BF4B-00C04F79EFBC}") = "WindowsFormsApp3", "WindowsFormsApp3\WindowsFormsApp3.csproj", "{211B3C56-6435-462F-91EB-C80C1C98A710}"
EndProject
Global
	GlobalSection(SolutionConfigurationPlatforms) = preSolution
		Debug|Any CPU = Debug|Any CPU
		Release|Any CPU = Release|Any CPU
	EndGlobalSection
	GlobalSection(ProjectConfigurationPlatforms) = postSolution
		{211B3C56-6435-462F-91EB-C80C1C98A710}.Debug|Any CPU.ActiveCfg = Debug|Any CPU
		{211B3C56-6435-462F-91EB-C80C1C98A710}.Debug|Any CPU.Build.0 = Debug|Any CPU
		{211B3C56-6435-462F-91EB-C80C1C98A710}.Release|Any CPU.ActiveCfg = Release|Any CPU
		{211B3C56-6435-462F-91EB-C80C1C98A710}.Release|Any CPU.Build.0 = Release|Any CPU
	EndGlobalSection
	GlobalSection(SolutionProperties) = preSolution
		HideSolutionNode = FALSE
	EndGlobalSection
	GlobalSection(ExtensibilityGlobals) = postSolution
		SolutionGuid = {E6FC6EAF-FC5E-4622-B45E-8B066EA7C869}
	EndGlobalSection
EndGlobal
