
Microsoft Visual Studio Solution File, Format Version 12.00
# Visual Studio Version 17
VisualStudioVersion = 17.1.32228.430
MinimumVisualStudioVersion = 10.0.40219.1
Project("{FAE04EC0-301F-11D3-BF4B-00C04F79EFBC}") = "0419", "0419\0419.csproj", "{7A7E42D6-1E99-4E94-9DCD-184EB6CDD0CD}"
EndProject
Global
	GlobalSection(SolutionConfigurationPlatforms) = preSolution
		Debug|Any CPU = Debug|Any CPU
		Release|Any CPU = Release|Any CPU
	EndGlobalSection
	GlobalSection(ProjectConfigurationPlatforms) = postSolution
		{7A7E42D6-1E99-4E94-9DCD-184EB6CDD0CD}.Debug|Any CPU.ActiveCfg = Debug|Any CPU
		{7A7E42D6-1E99-4E94-9DCD-184EB6CDD0CD}.Debug|Any CPU.Build.0 = Debug|Any CPU
		{7A7E42D6-1E99-4E94-9DCD-184EB6CDD0CD}.Release|Any CPU.ActiveCfg = Release|Any CPU
		{7A7E42D6-1E99-4E94-9DCD-184EB6CDD0CD}.Release|Any CPU.Build.0 = Release|Any CPU
	EndGlobalSection
	GlobalSection(SolutionProperties) = preSolution
		HideSolutionNode = FALSE
	EndGlobalSection
	GlobalSection(ExtensibilityGlobals) = postSolution
		SolutionGuid = {585D6560-40BA-4394-BE74-146B54B234E5}
	EndGlobalSection
EndGlobal
