
Microsoft Visual Studio Solution File, Format Version 12.00
# Visual Studio Version 17
VisualStudioVersion = 17.1.32228.430
MinimumVisualStudioVersion = 10.0.40219.1
Project("{FAE04EC0-301F-11D3-BF4B-00C04F79EFBC}") = "Hello", "Hello\Hello.csproj", "{4767325D-0DA1-40AA-AC64-06804704DDA3}"
EndProject
Global
	GlobalSection(SolutionConfigurationPlatforms) = preSolution
		Debug|Any CPU = Debug|Any CPU
		Release|Any CPU = Release|Any CPU
	EndGlobalSection
	GlobalSection(ProjectConfigurationPlatforms) = postSolution
		{4767325D-0DA1-40AA-AC64-06804704DDA3}.Debug|Any CPU.ActiveCfg = Debug|Any CPU
		{4767325D-0DA1-40AA-AC64-06804704DDA3}.Debug|Any CPU.Build.0 = Debug|Any CPU
		{4767325D-0DA1-40AA-AC64-06804704DDA3}.Release|Any CPU.ActiveCfg = Release|Any CPU
		{4767325D-0DA1-40AA-AC64-06804704DDA3}.Release|Any CPU.Build.0 = Release|Any CPU
	EndGlobalSection
	GlobalSection(SolutionProperties) = preSolution
		HideSolutionNode = FALSE
	EndGlobalSection
	GlobalSection(ExtensibilityGlobals) = postSolution
		SolutionGuid = {425C1110-5C35-4CC0-8170-ACAEF0355612}
	EndGlobalSection
EndGlobal
